lockfileVersion: '9.0'

settings:
  autoInstallPeers: true
  excludeLinksFromLockfile: false

importers:

  .: {}

  packages/@apm/apm: {}

  packages/@apm/cli-darwin-arm64: {}

  packages/@apm/cli-darwin-x64: {}

  packages/@apm/cli-linux-arm64: {}

  packages/@apm/cli-linux-x64: {}

  packages/@apm/cli-win32-x64: {}

ignoredOptionalDependencies:
  - '@apm/cli-*'
